
Microsoft Visual Studio Solution File, Format Version 12.00
# Visual Studio Version 16
VisualStudioVersion = 16.0.28729.10
MinimumVisualStudioVersion = 10.0.40219.1
Project("{8BC9CEB8-8B4A-11D0-8D11-00A0C91BC942}") = "learnC++", "learnC++\learnC++.vcxproj", "{CC00D5DE-8EA4-459D-9FD9-C84D279CA404}"
EndProject
Global
	GlobalSection(SolutionConfigurationPlatforms) = preSolution
		Debug|x64 = Debug|x64
		Debug|x86 = Debug|x86
		Release|x64 = Release|x64
		Release|x86 = Release|x86
	EndGlobalSection
	GlobalSection(ProjectConfigurationPlatforms) = postSolution
		{CC00D5DE-8EA4-459D-9FD9-C84D279CA404}.Debug|x64.ActiveCfg = Debug|x64
		{CC00D5DE-8EA4-459D-9FD9-C84D279CA404}.Debug|x64.Build.0 = Debug|x64
		{CC00D5DE-8EA4-459D-9FD9-C84D279CA404}.Debug|x86.ActiveCfg = Debug|Win32
		{CC00D5DE-8EA4-459D-9FD9-C84D279CA404}.Debug|x86.Build.0 = Debug|Win32
		{CC00D5DE-8EA4-459D-9FD9-C84D279CA404}.Release|x64.ActiveCfg = Release|x64
		{CC00D5DE-8EA4-459D-9FD9-C84D279CA404}.Release|x64.Build.0 = Release|x64
		{CC00D5DE-8EA4-459D-9FD9-C84D279CA404}.Release|x86.ActiveCfg = Release|Win32
		{CC00D5DE-8EA4-459D-9FD9-C84D279CA404}.Release|x86.Build.0 = Release|Win32
	EndGlobalSection
	GlobalSection(SolutionProperties) = preSolution
		HideSolutionNode = FALSE
	EndGlobalSection
	GlobalSection(ExtensibilityGlobals) = postSolution
		SolutionGuid = {B9E8190F-F6B3-4143-AE8C-D846FBEFC149}
	EndGlobalSection
EndGlobal
